
Microsoft Visual Studio Solution File, Format Version 12.00
# Visual Studio Version 16
VisualStudioVersion = 16.0.30621.155
MinimumVisualStudioVersion = 10.0.40219.1
Project("{FAE04EC0-301F-11D3-BF4B-00C04F79EFBC}") = "Proyectoie.Common", "Proyectoie.Common\Proyectoie.Common.csproj", "{4C2A47AF-0843-4D3B-8453-E79794A0F0F2}"
EndProject
Project("{FAE04EC0-301F-11D3-BF4B-00C04F79EFBC}") = "Proyectoie.Web", "Proyectoie.Web\Proyectoie.Web.csproj", "{1702E961-682F-4DDD-B95C-66152E295E51}"
EndProject
Project("{FAE04EC0-301F-11D3-BF4B-00C04F79EFBC}") = "Proyectoie.Prism", "Proyectoie.Prism\Proyectoie.Prism\Proyectoie.Prism.csproj", "{104D7F9F-49B6-4E44-94FF-5B83A0787D72}"
EndProject
Project("{FAE04EC0-301F-11D3-BF4B-00C04F79EFBC}") = "Proyectoie.Prism.Android", "Proyectoie.Prism\Proyectoie.Prism.Android\Proyectoie.Prism.Android.csproj", "{CECC056C-089F-45AC-96E4-85739B88C618}"
EndProject
Project("{FAE04EC0-301F-11D3-BF4B-00C04F79EFBC}") = "Proyectoie.Prism.iOS", "Proyectoie.Prism\Proyectoie.Prism.iOS\Proyectoie.Prism.iOS.csproj", "{CF552B35-FD4B-4B9D-B034-AB53CA78F49F}"
EndProject
Global
	GlobalSection(SolutionConfigurationPlatforms) = preSolution
		Ad-Hoc|Any CPU = Ad-Hoc|Any CPU
		Ad-Hoc|iPhone = Ad-Hoc|iPhone
		Ad-Hoc|iPhoneSimulator = Ad-Hoc|iPhoneSimulator
		AppStore|Any CPU = AppStore|Any CPU
		AppStore|iPhone = AppStore|iPhone
		AppStore|iPhoneSimulator = AppStore|iPhoneSimulator
		Debug|Any CPU = Debug|Any CPU
		Debug|iPhone = Debug|iPhone
		Debug|iPhoneSimulator = Debug|iPhoneSimulator
		Release|Any CPU = Release|Any CPU
		Release|iPhone = Release|iPhone
		Release|iPhoneSimulator = Release|iPhoneSimulator
	EndGlobalSection
	GlobalSection(ProjectConfigurationPlatforms) = postSolution
		{4C2A47AF-0843-4D3B-8453-E79794A0F0F2}.Ad-Hoc|Any CPU.ActiveCfg = Release|Any CPU
		{4C2A47AF-0843-4D3B-8453-E79794A0F0F2}.Ad-Hoc|Any CPU.Build.0 = Release|Any CPU
		{4C2A47AF-0843-4D3B-8453-E79794A0F0F2}.Ad-Hoc|iPhone.ActiveCfg = Release|Any CPU
		{4C2A47AF-0843-4D3B-8453-E79794A0F0F2}.Ad-Hoc|iPhone.Build.0 = Release|Any CPU
		{4C2A47AF-0843-4D3B-8453-E79794A0F0F2}.Ad-Hoc|iPhoneSimulator.ActiveCfg = Release|Any CPU
		{4C2A47AF-0843-4D3B-8453-E79794A0F0F2}.Ad-Hoc|iPhoneSimulator.Build.0 = Release|Any CPU
		{4C2A47AF-0843-4D3B-8453-E79794A0F0F2}.AppStore|Any CPU.ActiveCfg = Release|Any CPU
		{4C2A47AF-0843-4D3B-8453-E79794A0F0F2}.AppStore|Any CPU.Build.0 = Release|Any CPU
		{4C2A47AF-0843-4D3B-8453-E79794A0F0F2}.AppStore|iPhone.ActiveCfg = Release|Any CPU
		{4C2A47AF-0843-4D3B-8453-E79794A0F0F2}.AppStore|iPhone.Build.0 = Release|Any CPU
		{4C2A47AF-0843-4D3B-8453-E79794A0F0F2}.AppStore|iPhoneSimulator.ActiveCfg = Release|Any CPU
		{4C2A47AF-0843-4D3B-8453-E79794A0F0F2}.AppStore|iPhoneSimulator.Build.0 = Release|Any CPU
		{4C2A47AF-0843-4D3B-8453-E79794A0F0F2}.Debug|Any CPU.ActiveCfg = Debug|Any CPU
		{4C2A47AF-0843-4D3B-8453-E79794A0F0F2}.Debug|Any CPU.Build.0 = Debug|Any CPU
		{4C2A47AF-0843-4D3B-8453-E79794A0F0F2}.Debug|iPhone.ActiveCfg = Debug|Any CPU
		{4C2A47AF-0843-4D3B-8453-E79794A0F0F2}.Debug|iPhone.Build.0 = Debug|Any CPU
		{4C2A47AF-0843-4D3B-8453-E79794A0F0F2}.Debug|iPhoneSimulator.ActiveCfg = Debug|Any CPU
		{4C2A47AF-0843-4D3B-8453-E79794A0F0F2}.Debug|iPhoneSimulator.Build.0 = Debug|Any CPU
		{4C2A47AF-0843-4D3B-8453-E79794A0F0F2}.Release|Any CPU.ActiveCfg = Release|Any CPU
		{4C2A47AF-0843-4D3B-8453-E79794A0F0F2}.Release|Any CPU.Build.0 = Release|Any CPU
		{4C2A47AF-0843-4D3B-8453-E79794A0F0F2}.Release|iPhone.ActiveCfg = Release|Any CPU
		{4C2A47AF-0843-4D3B-8453-E79794A0F0F2}.Release|iPhone.Build.0 = Release|Any CPU
		{4C2A47AF-0843-4D3B-8453-E79794A0F0F2}.Release|iPhoneSimulator.ActiveCfg = Release|Any CPU
		{4C2A47AF-0843-4D3B-8453-E79794A0F0F2}.Release|iPhoneSimulator.Build.0 = Release|Any CPU
		{1702E961-682F-4DDD-B95C-66152E295E51}.Ad-Hoc|Any CPU.ActiveCfg = Release|Any CPU
		{1702E961-682F-4DDD-B95C-66152E295E51}.Ad-Hoc|Any CPU.Build.0 = Release|Any CPU
		{1702E961-682F-4DDD-B95C-66152E295E51}.Ad-Hoc|iPhone.ActiveCfg = Release|Any CPU
		{1702E961-682F-4DDD-B95C-66152E295E51}.Ad-Hoc|iPhone.Build.0 = Release|Any CPU
		{1702E961-682F-4DDD-B95C-66152E295E51}.Ad-Hoc|iPhoneSimulator.ActiveCfg = Release|Any CPU
		{1702E961-682F-4DDD-B95C-66152E295E51}.Ad-Hoc|iPhoneSimulator.Build.0 = Release|Any CPU
		{1702E961-682F-4DDD-B95C-66152E295E51}.AppStore|Any CPU.ActiveCfg = Release|Any CPU
		{1702E961-682F-4DDD-B95C-66152E295E51}.AppStore|Any CPU.Build.0 = Release|Any CPU
		{1702E961-682F-4DDD-B95C-66152E295E51}.AppStore|iPhone.ActiveCfg = Release|Any CPU
		{1702E961-682F-4DDD-B95C-66152E295E51}.AppStore|iPhone.Build.0 = Release|Any CPU
		{1702E961-682F-4DDD-B95C-66152E295E51}.AppStore|iPhoneSimulator.ActiveCfg = Release|Any CPU
		{1702E961-682F-4DDD-B95C-66152E295E51}.AppStore|iPhoneSimulator.Build.0 = Release|Any CPU
		{1702E961-682F-4DDD-B95C-66152E295E51}.Debug|Any CPU.ActiveCfg = Debug|Any CPU
		{1702E961-682F-4DDD-B95C-66152E295E51}.Debug|Any CPU.Build.0 = Debug|Any CPU
		{1702E961-682F-4DDD-B95C-66152E295E51}.Debug|iPhone.ActiveCfg = Debug|Any CPU
		{1702E961-682F-4DDD-B95C-66152E295E51}.Debug|iPhone.Build.0 = Debug|Any CPU
		{1702E961-682F-4DDD-B95C-66152E295E51}.Debug|iPhoneSimulator.ActiveCfg = Debug|Any CPU
		{1702E961-682F-4DDD-B95C-66152E295E51}.Debug|iPhoneSimulator.Build.0 = Debug|Any CPU
		{1702E961-682F-4DDD-B95C-66152E295E51}.Release|Any CPU.ActiveCfg = Release|Any CPU
		{1702E961-682F-4DDD-B95C-66152E295E51}.Release|Any CPU.Build.0 = Release|Any CPU
		{1702E961-682F-4DDD-B95C-66152E295E51}.Release|iPhone.ActiveCfg = Release|Any CPU
		{1702E961-682F-4DDD-B95C-66152E295E51}.Release|iPhone.Build.0 = Release|Any CPU
		{1702E961-682F-4DDD-B95C-66152E295E51}.Release|iPhoneSimulator.ActiveCfg = Release|Any CPU
		{1702E961-682F-4DDD-B95C-66152E295E51}.Release|iPhoneSimulator.Build.0 = Release|Any CPU
		{104D7F9F-49B6-4E44-94FF-5B83A0787D72}.Ad-Hoc|Any CPU.ActiveCfg = Release|Any CPU
		{104D7F9F-49B6-4E44-94FF-5B83A0787D72}.Ad-Hoc|Any CPU.Build.0 = Release|Any CPU
		{104D7F9F-49B6-4E44-94FF-5B83A0787D72}.Ad-Hoc|iPhone.ActiveCfg = Release|Any CPU
		{104D7F9F-49B6-4E44-94FF-5B83A0787D72}.Ad-Hoc|iPhone.Build.0 = Release|Any CPU
		{104D7F9F-49B6-4E44-94FF-5B83A0787D72}.Ad-Hoc|iPhoneSimulator.ActiveCfg = Release|Any CPU
		{104D7F9F-49B6-4E44-94FF-5B83A0787D72}.Ad-Hoc|iPhoneSimulator.Build.0 = Release|Any CPU
		{104D7F9F-49B6-4E44-94FF-5B83A0787D72}.AppStore|Any CPU.ActiveCfg = Release|Any CPU
		{104D7F9F-49B6-4E44-94FF-5B83A0787D72}.AppStore|Any CPU.Build.0 = Release|Any CPU
		{104D7F9F-49B6-4E44-94FF-5B83A0787D72}.AppStore|iPhone.ActiveCfg = Release|Any CPU
		{104D7F9F-49B6-4E44-94FF-5B83A0787D72}.AppStore|iPhone.Build.0 = Release|Any CPU
		{104D7F9F-49B6-4E44-94FF-5B83A0787D72}.AppStore|iPhoneSimulator.ActiveCfg = Release|Any CPU
		{104D7F9F-49B6-4E44-94FF-5B83A0787D72}.AppStore|iPhoneSimulator.Build.0 = Release|Any CPU
		{104D7F9F-49B6-4E44-94FF-5B83A0787D72}.Debug|Any CPU.ActiveCfg = Debug|Any CPU
		{104D7F9F-49B6-4E44-94FF-5B83A0787D72}.Debug|Any CPU.Build.0 = Debug|Any CPU
		{104D7F9F-49B6-4E44-94FF-5B83A0787D72}.Debug|iPhone.ActiveCfg = Debug|Any CPU
		{104D7F9F-49B6-4E44-94FF-5B83A0787D72}.Debug|iPhone.Build.0 = Debug|Any CPU
		{104D7F9F-49B6-4E44-94FF-5B83A0787D72}.Debug|iPhoneSimulator.ActiveCfg = Debug|Any CPU
		{104D7F9F-49B6-4E44-94FF-5B83A0787D72}.Debug|iPhoneSimulator.Build.0 = Debug|Any CPU
		{104D7F9F-49B6-4E44-94FF-5B83A0787D72}.Release|Any CPU.ActiveCfg = Release|Any CPU
		{104D7F9F-49B6-4E44-94FF-5B83A0787D72}.Release|Any CPU.Build.0 = Release|Any CPU
		{104D7F9F-49B6-4E44-94FF-5B83A0787D72}.Release|iPhone.ActiveCfg = Release|Any CPU
		{104D7F9F-49B6-4E44-94FF-5B83A0787D72}.Release|iPhone.Build.0 = Release|Any CPU
		{104D7F9F-49B6-4E44-94FF-5B83A0787D72}.Release|iPhoneSimulator.ActiveCfg = Release|Any CPU
		{104D7F9F-49B6-4E44-94FF-5B83A0787D72}.Release|iPhoneSimulator.Build.0 = Release|Any CPU
		{CECC056C-089F-45AC-96E4-85739B88C618}.Ad-Hoc|Any CPU.ActiveCfg = Debug|Any CPU
		{CECC056C-089F-45AC-96E4-85739B88C618}.Ad-Hoc|Any CPU.Build.0 = Debug|Any CPU
		{CECC056C-089F-45AC-96E4-85739B88C618}.Ad-Hoc|Any CPU.Deploy.0 = Debug|Any CPU
		{CECC056C-089F-45AC-96E4-85739B88C618}.Ad-Hoc|iPhone.ActiveCfg = Debug|Any CPU
		{CECC056C-089F-45AC-96E4-85739B88C618}.Ad-Hoc|iPhone.Build.0 = Debug|Any CPU
		{CECC056C-089F-45AC-96E4-85739B88C618}.Ad-Hoc|iPhone.Deploy.0 = Debug|Any CPU
		{CECC056C-089F-45AC-96E4-85739B88C618}.Ad-Hoc|iPhoneSimulator.ActiveCfg = Debug|Any CPU
		{CECC056C-089F-45AC-96E4-85739B88C618}.Ad-Hoc|iPhoneSimulator.Build.0 = Debug|Any CPU
		{CECC056C-089F-45AC-96E4-85739B88C618}.Ad-Hoc|iPhoneSimulator.Deploy.0 = Debug|Any CPU
		{CECC056C-089F-45AC-96E4-85739B88C618}.AppStore|Any CPU.ActiveCfg = Debug|Any CPU
		{CECC056C-089F-45AC-96E4-85739B88C618}.AppStore|Any CPU.Build.0 = Debug|Any CPU
		{CECC056C-089F-45AC-96E4-85739B88C618}.AppStore|Any CPU.Deploy.0 = Debug|Any CPU
		{CECC056C-089F-45AC-96E4-85739B88C618}.AppStore|iPhone.ActiveCfg = Debug|Any CPU
		{CECC056C-089F-45AC-96E4-85739B88C618}.AppStore|iPhone.Build.0 = Debug|Any CPU
		{CECC056C-089F-45AC-96E4-85739B88C618}.AppStore|iPhone.Deploy.0 = Debug|Any CPU
		{CECC056C-089F-45AC-96E4-85739B88C618}.AppStore|iPhoneSimulator.ActiveCfg = Debug|Any CPU
		{CECC056C-089F-45AC-96E4-85739B88C618}.AppStore|iPhoneSimulator.Build.0 = Debug|Any CPU
		{CECC056C-089F-45AC-96E4-85739B88C618}.AppStore|iPhoneSimulator.Deploy.0 = Debug|Any CPU
		{CECC056C-089F-45AC-96E4-85739B88C618}.Debug|Any CPU.ActiveCfg = Debug|Any CPU
		{CECC056C-089F-45AC-96E4-85739B88C618}.Debug|Any CPU.Build.0 = Debug|Any CPU
		{CECC056C-089F-45AC-96E4-85739B88C618}.Debug|Any CPU.Deploy.0 = Debug|Any CPU
		{CECC056C-089F-45AC-96E4-85739B88C618}.Debug|iPhone.ActiveCfg = Debug|Any CPU
		{CECC056C-089F-45AC-96E4-85739B88C618}.Debug|iPhone.Build.0 = Debug|Any CPU
		{CECC056C-089F-45AC-96E4-85739B88C618}.Debug|iPhone.Deploy.0 = Debug|Any CPU
		{CECC056C-089F-45AC-96E4-85739B88C618}.Debug|iPhoneSimulator.ActiveCfg = Debug|Any CPU
		{CECC056C-089F-45AC-96E4-85739B88C618}.Debug|iPhoneSimulator.Build.0 = Debug|Any CPU
		{CECC056C-089F-45AC-96E4-85739B88C618}.Debug|iPhoneSimulator.Deploy.0 = Debug|Any CPU
		{CECC056C-089F-45AC-96E4-85739B88C618}.Release|Any CPU.ActiveCfg = Release|Any CPU
		{CECC056C-089F-45AC-96E4-85739B88C618}.Release|Any CPU.Build.0 = Release|Any CPU
		{CECC056C-089F-45AC-96E4-85739B88C618}.Release|Any CPU.Deploy.0 = Release|Any CPU
		{CECC056C-089F-45AC-96E4-85739B88C618}.Release|iPhone.ActiveCfg = Release|Any CPU
		{CECC056C-089F-45AC-96E4-85739B88C618}.Release|iPhone.Build.0 = Release|Any CPU
		{CECC056C-089F-45AC-96E4-85739B88C618}.Release|iPhone.Deploy.0 = Release|Any CPU
		{CECC056C-089F-45AC-96E4-85739B88C618}.Release|iPhoneSimulator.ActiveCfg = Release|Any CPU
		{CECC056C-089F-45AC-96E4-85739B88C618}.Release|iPhoneSimulator.Build.0 = Release|Any CPU
		{CECC056C-089F-45AC-96E4-85739B88C618}.Release|iPhoneSimulator.Deploy.0 = Release|Any CPU
		{CF552B35-FD4B-4B9D-B034-AB53CA78F49F}.Ad-Hoc|Any CPU.ActiveCfg = Ad-Hoc|iPhoneSimulator
		{CF552B35-FD4B-4B9D-B034-AB53CA78F49F}.Ad-Hoc|iPhone.ActiveCfg = Ad-Hoc|iPhone
		{CF552B35-FD4B-4B9D-B034-AB53CA78F49F}.Ad-Hoc|iPhone.Build.0 = Ad-Hoc|iPhone
		{CF552B35-FD4B-4B9D-B034-AB53CA78F49F}.Ad-Hoc|iPhoneSimulator.ActiveCfg = Ad-Hoc|iPhoneSimulator
		{CF552B35-FD4B-4B9D-B034-AB53CA78F49F}.Ad-Hoc|iPhoneSimulator.Build.0 = Ad-Hoc|iPhoneSimulator
		{CF552B35-FD4B-4B9D-B034-AB53CA78F49F}.AppStore|Any CPU.ActiveCfg = AppStore|iPhoneSimulator
		{CF552B35-FD4B-4B9D-B034-AB53CA78F49F}.AppStore|iPhone.ActiveCfg = AppStore|iPhone
		{CF552B35-FD4B-4B9D-B034-AB53CA78F49F}.AppStore|iPhone.Build.0 = AppStore|iPhone
		{CF552B35-FD4B-4B9D-B034-AB53CA78F49F}.AppStore|iPhoneSimulator.ActiveCfg = AppStore|iPhoneSimulator
		{CF552B35-FD4B-4B9D-B034-AB53CA78F49F}.AppStore|iPhoneSimulator.Build.0 = AppStore|iPhoneSimulator
		{CF552B35-FD4B-4B9D-B034-AB53CA78F49F}.Debug|Any CPU.ActiveCfg = Debug|iPhoneSimulator
		{CF552B35-FD4B-4B9D-B034-AB53CA78F49F}.Debug|iPhone.ActiveCfg = Debug|iPhone
		{CF552B35-FD4B-4B9D-B034-AB53CA78F49F}.Debug|iPhone.Build.0 = Debug|iPhone
		{CF552B35-FD4B-4B9D-B034-AB53CA78F49F}.Debug|iPhoneSimulator.ActiveCfg = Debug|iPhoneSimulator
		{CF552B35-FD4B-4B9D-B034-AB53CA78F49F}.Debug|iPhoneSimulator.Build.0 = Debug|iPhoneSimulator
		{CF552B35-FD4B-4B9D-B034-AB53CA78F49F}.Release|Any CPU.ActiveCfg = Release|iPhoneSimulator
		{CF552B35-FD4B-4B9D-B034-AB53CA78F49F}.Release|iPhone.ActiveCfg = Release|iPhone
		{CF552B35-FD4B-4B9D-B034-AB53CA78F49F}.Release|iPhone.Build.0 = Release|iPhone
		{CF552B35-FD4B-4B9D-B034-AB53CA78F49F}.Release|iPhoneSimulator.ActiveCfg = Release|iPhoneSimulator
		{CF552B35-FD4B-4B9D-B034-AB53CA78F49F}.Release|iPhoneSimulator.Build.0 = Release|iPhoneSimulator
	EndGlobalSection
	GlobalSection(SolutionProperties) = preSolution
		HideSolutionNode = FALSE
	EndGlobalSection
	GlobalSection(ExtensibilityGlobals) = postSolution
		SolutionGuid = {448C2284-5D06-4C89-8167-6F639082C1A5}
	EndGlobalSection
EndGlobal
